// !$*UTF8*$!
{
	archiveVersion = 1;
	classes = {
	};
	objectVersion = 50;
	objects = {

/* Begin PBXBuildFile section */
		71CA96DB26C2913C009B5660 /* APBBaseCollectionViewCell.h in Headers */ = {isa = PBXBuildFile; fileRef = 71CA96D926C2913C009B5660 /* APBBaseCollectionViewCell.h */; };
		71CA96DC26C2913C009B5660 /* APBBaseCollectionViewCell.m in Sources */ = {isa = PBXBuildFile; fileRef = 71CA96DA26C2913C009B5660 /* APBBaseCollectionViewCell.m */; };
		71EEA12325646F720008688A /* APBFoundation.framework in Frameworks */ = {isa = PBXBuildFile; fileRef = 71EEA11925646F720008688A /* APBFoundation.framework */; };
		71EEA12825646F720008688A /* APBFoundationTests.m in Sources */ = {isa = PBXBuildFile; fileRef = 71EEA12725646F720008688A /* APBFoundationTests.m */; };
		71EEA12A25646F720008688A /* APBFoundation.h in Headers */ = {isa = PBXBuildFile; fileRef = 71EEA11C25646F720008688A /* APBFoundation.h */; settings = {ATTRIBUTES = (Public, ); }; };
		71EEA139256470290008688A /* APBBaseViewController.h in Headers */ = {isa = PBXBuildFile; fileRef = 71EEA137256470290008688A /* APBBaseViewController.h */; };
		71EEA13A256470290008688A /* APBBaseViewController.m in Sources */ = {isa = PBXBuildFile; fileRef = 71EEA138256470290008688A /* APBBaseViewController.m */; };
		71EEA140256470670008688A /* APBBaseView.h in Headers */ = {isa = PBXBuildFile; fileRef = 71EEA13E256470670008688A /* APBBaseView.h */; };
		71EEA141256470670008688A /* APBBaseView.m in Sources */ = {isa = PBXBuildFile; fileRef = 71EEA13F256470670008688A /* APBBaseView.m */; };
/* End PBXBuildFile section */

/* Begin PBXContainerItemProxy section */
		71EEA12425646F720008688A /* PBXContainerItemProxy */ = {
			isa = PBXContainerItemProxy;
			containerPortal = 71EEA11025646F720008688A /* Project object */;
			proxyType = 1;
			remoteGlobalIDString = 71EEA11825646F720008688A;
			remoteInfo = APBFoundation;
		};
/* End PBXContainerItemProxy section */

/* Begin PBXFileReference section */
		71CA96D926C2913C009B5660 /* APBBaseCollectionViewCell.h */ = {isa = PBXFileReference; lastKnownFileType = sourcecode.c.h; path = APBBaseCollectionViewCell.h; sourceTree = "<group>"; };
		71CA96DA26C2913C009B5660 /* APBBaseCollectionViewCell.m */ = {isa = PBXFileReference; lastKnownFileType = sourcecode.c.objc; path = APBBaseCollectionViewCell.m; sourceTree = "<group>"; };
		71EEA11925646F720008688A /* APBFoundation.framework */ = {isa = PBXFileReference; explicitFileType = wrapper.framework; includeInIndex = 0; path = APBFoundation.framework; sourceTree = BUILT_PRODUCTS_DIR; };
		71EEA11C25646F720008688A /* APBFoundation.h */ = {isa = PBXFileReference; lastKnownFileType = sourcecode.c.h; path = APBFoundation.h; sourceTree = "<group>"; };
		71EEA11D25646F720008688A /* Info.plist */ = {isa = PBXFileReference; lastKnownFileType = text.plist.xml; path = Info.plist; sourceTree = "<group>"; };
		71EEA12225646F720008688A /* APBFoundationTests.xctest */ = {isa = PBXFileReference; explicitFileType = wrapper.cfbundle; includeInIndex = 0; path = APBFoundationTests.xctest; sourceTree = BUILT_PRODUCTS_DIR; };
		71EEA12725646F720008688A /* APBFoundationTests.m */ = {isa = PBXFileReference; lastKnownFileType = sourcecode.c.objc; path = APBFoundationTests.m; sourceTree = "<group>"; };
		71EEA12925646F720008688A /* Info.plist */ = {isa = PBXFileReference; lastKnownFileType = text.plist.xml; path = Info.plist; sourceTree = "<group>"; };
		71EEA137256470290008688A /* APBBaseViewController.h */ = {isa = PBXFileReference; lastKnownFileType = sourcecode.c.h; path = APBBaseViewController.h; sourceTree = "<group>"; };
		71EEA138256470290008688A /* APBBaseViewController.m */ = {isa = PBXFileReference; lastKnownFileType = sourcecode.c.objc; path = APBBaseViewController.m; sourceTree = "<group>"; };
		71EEA13E256470670008688A /* APBBaseView.h */ = {isa = PBXFileReference; lastKnownFileType = sourcecode.c.h; path = APBBaseView.h; sourceTree = "<group>"; };
		71EEA13F256470670008688A /* APBBaseView.m */ = {isa = PBXFileReference; lastKnownFileType = sourcecode.c.objc; path = APBBaseView.m; sourceTree = "<group>"; };
/* End PBXFileReference section */

/* Begin PBXFrameworksBuildPhase section */
		71EEA11625646F720008688A /* Frameworks */ = {
			isa = PBXFrameworksBuildPhase;
			buildActionMask = 2147483647;
			files = (
			);
			runOnlyForDeploymentPostprocessing = 0;
		};
		71EEA11F25646F720008688A /* Frameworks */ = {
			isa = PBXFrameworksBuildPhase;
			buildActionMask = 2147483647;
			files = (
				71EEA12325646F720008688A /* APBFoundation.framework in Frameworks */,
			);
			runOnlyForDeploymentPostprocessing = 0;
		};
/* End PBXFrameworksBuildPhase section */

/* Begin PBXGroup section */
		71EEA10F25646F720008688A = {
			isa = PBXGroup;
			children = (
				71EEA11B25646F720008688A /* APBFoundation */,
				71EEA12625646F720008688A /* APBFoundationTests */,
				71EEA11A25646F720008688A /* Products */,
			);
			sourceTree = "<group>";
		};
		71EEA11A25646F720008688A /* Products */ = {
			isa = PBXGroup;
			children = (
				71EEA11925646F720008688A /* APBFoundation.framework */,
				71EEA12225646F720008688A /* APBFoundationTests.xctest */,
			);
			name = Products;
			sourceTree = "<group>";
		};
		71EEA11B25646F720008688A /* APBFoundation */ = {
			isa = PBXGroup;
			children = (
				71EEA13625646FF70008688A /* Assets */,
				71EEA13525646FF20008688A /* Classes */,
				71EEA11C25646F720008688A /* APBFoundation.h */,
				71EEA11D25646F720008688A /* Info.plist */,
			);
			path = APBFoundation;
			sourceTree = "<group>";
		};
		71EEA12625646F720008688A /* APBFoundationTests */ = {
			isa = PBXGroup;
			children = (
				71EEA12725646F720008688A /* APBFoundationTests.m */,
				71EEA12925646F720008688A /* Info.plist */,
			);
			path = APBFoundationTests;
			sourceTree = "<group>";
		};
		71EEA13525646FF20008688A /* Classes */ = {
			isa = PBXGroup;
			children = (
				71EEA137256470290008688A /* APBBaseViewController.h */,
				71EEA138256470290008688A /* APBBaseViewController.m */,
				71EEA13E256470670008688A /* APBBaseView.h */,
				71EEA13F256470670008688A /* APBBaseView.m */,
				71CA96D926C2913C009B5660 /* APBBaseCollectionViewCell.h */,
				71CA96DA26C2913C009B5660 /* APBBaseCollectionViewCell.m */,
			);
			path = Classes;
			sourceTree = "<group>";
		};
		71EEA13625646FF70008688A /* Assets */ = {
			isa = PBXGroup;
			children = (
			);
			path = Assets;
			sourceTree = "<group>";
		};
/* End PBXGroup section */

/* Begin PBXHeadersBuildPhase section */
		71EEA11425646F720008688A /* Headers */ = {
			isa = PBXHeadersBuildPhase;
			buildActionMask = 2147483647;
			files = (
				71EEA139256470290008688A /* APBBaseViewController.h in Headers */,
				71EEA12A25646F720008688A /* APBFoundation.h in Headers */,
				71CA96DB26C2913C009B5660 /* APBBaseCollectionViewCell.h in Headers */,
				71EEA140256470670008688A /* APBBaseView.h in Headers */,
			);
			runOnlyForDeploymentPostprocessing = 0;
		};
/* End PBXHeadersBuildPhase section */

/* Begin PBXNativeTarget section */
		71EEA11825646F720008688A /* APBFoundation */ = {
			isa = PBXNativeTarget;
			buildConfigurationList = 71EEA12D25646F720008688A /* Build configuration list for PBXNativeTarget "APBFoundation" */;
			buildPhases = (
				71EEA11425646F720008688A /* Headers */,
				71EEA11525646F720008688A /* Sources */,
				71EEA11625646F720008688A /* Frameworks */,
				71EEA11725646F720008688A /* Resources */,
			);
			buildRules = (
			);
			dependencies = (
			);
			name = APBFoundation;
			productName = APBFoundation;
			productReference = 71EEA11925646F720008688A /* APBFoundation.framework */;
			productType = "com.apple.product-type.framework";
		};
		71EEA12125646F720008688A /* APBFoundationTests */ = {
			isa = PBXNativeTarget;
			buildConfigurationList = 71EEA13025646F720008688A /* Build configuration list for PBXNativeTarget "APBFoundationTests" */;
			buildPhases = (
				71EEA11E25646F720008688A /* Sources */,
				71EEA11F25646F720008688A /* Frameworks */,
				71EEA12025646F720008688A /* Resources */,
			);
			buildRules = (
			);
			dependencies = (
				71EEA12525646F720008688A /* PBXTargetDependency */,
			);
			name = APBFoundationTests;
			productName = APBFoundationTests;
			productReference = 71EEA12225646F720008688A /* APBFoundationTests.xctest */;
			productType = "com.apple.product-type.bundle.unit-test";
		};
/* End PBXNativeTarget section */

/* Begin PBXProject section */
		71EEA11025646F720008688A /* Project object */ = {
			isa = PBXProject;
			attributes = {
				CLASSPREFIX = APB;
				LastUpgradeCheck = 1210;
				TargetAttributes = {
					71EEA11825646F720008688A = {
						CreatedOnToolsVersion = 12.1;
					};
					71EEA12125646F720008688A = {
						CreatedOnToolsVersion = 12.1;
					};
				};
			};
			buildConfigurationList = 71EEA11325646F720008688A /* Build configuration list for PBXProject "APBFoundation" */;
			compatibilityVersion = "Xcode 9.3";
			developmentRegion = en;
			hasScannedForEncodings = 0;
			knownRegions = (
				en,
				Base,
			);
			mainGroup = 71EEA10F25646F720008688A;
			productRefGroup = 71EEA11A25646F720008688A /* Products */;
			projectDirPath = "";
			projectRoot = "";
			targets = (
				71EEA11825646F720008688A /* APBFoundation */,
				71EEA12125646F720008688A /* APBFoundationTests */,
			);
		};
/* End PBXProject section */

/* Begin PBXResourcesBuildPhase section */
		71EEA11725646F720008688A /* Resources */ = {
			isa = PBXResourcesBuildPhase;
			buildActionMask = 2147483647;
			files = (
			);
			runOnlyForDeploymentPostprocessing = 0;
		};
		71EEA12025646F720008688A /* Resources */ = {
			isa = PBXResourcesBuildPhase;
			buildActionMask = 2147483647;
			files = (
			);
			runOnlyForDeploymentPostprocessing = 0;
		};
/* End PBXResourcesBuildPhase section */

/* Begin PBXSourcesBuildPhase section */
		71EEA11525646F720008688A /* Sources */ = {
			isa = PBXSourcesBuildPhase;
			buildActionMask = 2147483647;
			files = (
				71EEA13A256470290008688A /* APBBaseViewController.m in Sources */,
				71CA96DC26C2913C009B5660 /* APBBaseCollectionViewCell.m in Sources */,
				71EEA141256470670008688A /* APBBaseView.m in Sources */,
			);
			runOnlyForDeploymentPostprocessing = 0;
		};
		71EEA11E25646F720008688A /* Sources */ = {
			isa = PBXSourcesBuildPhase;
			buildActionMask = 2147483647;
			files = (
				71EEA12825646F720008688A /* APBFoundationTests.m in Sources */,
			);
			runOnlyForDeploymentPostprocessing = 0;
		};
/* End PBXSourcesBuildPhase section */

/* Begin PBXTargetDependency section */
		71EEA12525646F720008688A /* PBXTargetDependency */ = {
			isa = PBXTargetDependency;
			target = 71EEA11825646F720008688A /* APBFoundation */;
			targetProxy = 71EEA12425646F720008688A /* PBXContainerItemProxy */;
		};
/* End PBXTargetDependency section */

/* Begin XCBuildConfiguration section */
		71EEA12B25646F720008688A /* Debug */ = {
			isa = XCBuildConfiguration;
			buildSettings = {
				ALWAYS_SEARCH_USER_PATHS = NO;
				CLANG_ANALYZER_NONNULL = YES;
				CLANG_ANALYZER_NUMBER_OBJECT_CONVERSION = YES_AGGRESSIVE;
				CLANG_CXX_LANGUAGE_STANDARD = "gnu++14";
				CLANG_CXX_LIBRARY = "libc++";
				CLANG_ENABLE_MODULES = YES;
				CLANG_ENABLE_OBJC_ARC = YES;
				CLANG_ENABLE_OBJC_WEAK = YES;
				CLANG_WARN_BLOCK_CAPTURE_AUTORELEASING = YES;
				CLANG_WARN_BOOL_CONVERSION = YES;
				CLANG_WARN_COMMA = YES;
				CLANG_WARN_CONSTANT_CONVERSION = YES;
				CLANG_WARN_DEPRECATED_OBJC_IMPLEMENTATIONS = YES;
				CLANG_WARN_DIRECT_OBJC_ISA_USAGE = YES_ERROR;
				CLANG_WARN_DOCUMENTATION_COMMENTS = YES;
				CLANG_WARN_EMPTY_BODY = YES;
				CLANG_WARN_ENUM_CONVERSION = YES;
				CLANG_WARN_INFINITE_RECURSION = YES;
				CLANG_WARN_INT_CONVERSION = YES;
				CLANG_WARN_NON_LITERAL_NULL_CONVERSION = YES;
				CLANG_WARN_OBJC_IMPLICIT_RETAIN_SELF = YES;
				CLANG_WARN_OBJC_LITERAL_CONVERSION = YES;
				CLANG_WARN_OBJC_ROOT_CLASS = YES_ERROR;
				CLANG_WARN_QUOTED_INCLUDE_IN_FRAMEWORK_HEADER = YES;
				CLANG_WARN_RANGE_LOOP_ANALYSIS = YES;
				CLANG_WARN_STRICT_PROTOTYPES = YES;
				CLANG_WARN_SUSPICIOUS_MOVE = YES;
				CLANG_WARN_UNGUARDED_AVAILABILITY = YES_AGGRESSIVE;
				CLANG_WARN_UNREACHABLE_CODE = YES;
				CLANG_WARN__DUPLICATE_METHOD_MATCH = YES;
				COPY_PHASE_STRIP = NO;
				CURRENT_PROJECT_VERSION = 1;
				DEBUG_INFORMATION_FORMAT = dwarf;
				ENABLE_STRICT_OBJC_MSGSEND = YES;
				ENABLE_TESTABILITY = YES;
				GCC_C_LANGUAGE_STANDARD = gnu11;
				GCC_DYNAMIC_NO_PIC = NO;
				GCC_NO_COMMON_BLOCKS = YES;
				GCC_OPTIMIZATION_LEVEL = 0;
				GCC_PREPROCESSOR_DEFINITIONS = (
					"DEBUG=1",
					"$(inherited)",
				);
				GCC_WARN_64_TO_32_BIT_CONVERSION = YES;
				GCC_WARN_ABOUT_RETURN_TYPE = YES_ERROR;
				GCC_WARN_UNDECLARED_SELECTOR = YES;
				GCC_WARN_UNINITIALIZED_AUTOS = YES_AGGRESSIVE;
				GCC_WARN_UNUSED_FUNCTION = YES;
				GCC_WARN_UNUSED_VARIABLE = YES;
				IPHONEOS_DEPLOYMENT_TARGET = 14.1;
				MTL_ENABLE_DEBUG_INFO = INCLUDE_SOURCE;
				MTL_FAST_MATH = YES;
				ONLY_ACTIVE_ARCH = YES;
				SDKROOT = iphoneos;
				VERSIONING_SYSTEM = "apple-generic";
				VERSION_INFO_PREFIX = "";
			};
			name = Debug;
		};
		71EEA12C25646F720008688A /* Release */ = {
			isa = XCBuildConfiguration;
			buildSettings = {
				ALWAYS_SEARCH_USER_PATHS = NO;
				CLANG_ANALYZER_NONNULL = YES;
				CLANG_ANALYZER_NUMBER_OBJECT_CONVERSION = YES_AGGRESSIVE;
				CLANG_CXX_LANGUAGE_STANDARD = "gnu++14";
				CLANG_CXX_LIBRARY = "libc++";
				CLANG_ENABLE_MODULES = YES;
				CLANG_ENABLE_OBJC_ARC = YES;
				CLANG_ENABLE_OBJC_WEAK = YES;
				CLANG_WARN_BLOCK_CAPTURE_AUTORELEASING = YES;
				CLANG_WARN_BOOL_CONVERSION = YES;
				CLANG_WARN_COMMA = YES;
				CLANG_WARN_CONSTANT_CONVERSION = YES;
				CLANG_WARN_DEPRECATED_OBJC_IMPLEMENTATIONS = YES;
				CLANG_WARN_DIRECT_OBJC_ISA_USAGE = YES_ERROR;
				CLANG_WARN_DOCUMENTATION_COMMENTS = YES;
				CLANG_WARN_EMPTY_BODY = YES;
				CLANG_WARN_ENUM_CONVERSION = YES;
				CLANG_WARN_INFINITE_RECURSION = YES;
				CLANG_WARN_INT_CONVERSION = YES;
				CLANG_WARN_NON_LITERAL_NULL_CONVERSION = YES;
				CLANG_WARN_OBJC_IMPLICIT_RETAIN_SELF = YES;
				CLANG_WARN_OBJC_LITERAL_CONVERSION = YES;
				CLANG_WARN_OBJC_ROOT_CLASS = YES_ERROR;
				CLANG_WARN_QUOTED_INCLUDE_IN_FRAMEWORK_HEADER = YES;
				CLANG_WARN_RANGE_LOOP_ANALYSIS = YES;
				CLANG_WARN_STRICT_PROTOTYPES = YES;
				CLANG_WARN_SUSPICIOUS_MOVE = YES;
				CLANG_WARN_UNGUARDED_AVAILABILITY = YES_AGGRESSIVE;
				CLANG_WARN_UNREACHABLE_CODE = YES;
				CLANG_WARN__DUPLICATE_METHOD_MATCH = YES;
				COPY_PHASE_STRIP = NO;
				CURRENT_PROJECT_VERSION = 1;
				DEBUG_INFORMATION_FORMAT = "dwarf-with-dsym";
				ENABLE_NS_ASSERTIONS = NO;
				ENABLE_STRICT_OBJC_MSGSEND = YES;
				GCC_C_LANGUAGE_STANDARD = gnu11;
				GCC_NO_COMMON_BLOCKS = YES;
				GCC_WARN_64_TO_32_BIT_CONVERSION = YES;
				GCC_WARN_ABOUT_RETURN_TYPE = YES_ERROR;
				GCC_WARN_UNDECLARED_SELECTOR = YES;
				GCC_WARN_UNINITIALIZED_AUTOS = YES_AGGRESSIVE;
				GCC_WARN_UNUSED_FUNCTION = YES;
				GCC_WARN_UNUSED_VARIABLE = YES;
				IPHONEOS_DEPLOYMENT_TARGET = 14.1;
				MTL_ENABLE_DEBUG_INFO = NO;
				MTL_FAST_MATH = YES;
				SDKROOT = iphoneos;
				VALIDATE_PRODUCT = YES;
				VERSIONING_SYSTEM = "apple-generic";
				VERSION_INFO_PREFIX = "";
			};
			name = Release;
		};
		71EEA12E25646F720008688A /* Debug */ = {
			isa = XCBuildConfiguration;
			buildSettings = {
				CODE_SIGN_STYLE = Automatic;
				DEFINES_MODULE = YES;
				DEVELOPMENT_TEAM = 4N87CRMB5W;
				DYLIB_COMPATIBILITY_VERSION = 1;
				DYLIB_CURRENT_VERSION = 1;
				DYLIB_INSTALL_NAME_BASE = "@rpath";
				INFOPLIST_FILE = APBFoundation/Info.plist;
				INSTALL_PATH = "$(LOCAL_LIBRARY_DIR)/Frameworks";
				LD_RUNPATH_SEARCH_PATHS = (
					"$(inherited)",
					"@executable_path/Frameworks",
					"@loader_path/Frameworks",
				);
				PRODUCT_BUNDLE_IDENTIFIER = com.approvedbug.APBFoundation;
				PRODUCT_NAME = "$(TARGET_NAME:c99extidentifier)";
				SKIP_INSTALL = YES;
				SUPPORTS_MACCATALYST = NO;
				TARGETED_DEVICE_FAMILY = "1,2";
			};
			name = Debug;
		};
		71EEA12F25646F720008688A /* Release */ = {
			isa = XCBuildConfiguration;
			buildSettings = {
				CODE_SIGN_STYLE = Automatic;
				DEFINES_MODULE = YES;
				DEVELOPMENT_TEAM = 4N87CRMB5W;
				DYLIB_COMPATIBILITY_VERSION = 1;
				DYLIB_CURRENT_VERSION = 1;
				DYLIB_INSTALL_NAME_BASE = "@rpath";
				INFOPLIST_FILE = APBFoundation/Info.plist;
				INSTALL_PATH = "$(LOCAL_LIBRARY_DIR)/Frameworks";
				LD_RUNPATH_SEARCH_PATHS = (
					"$(inherited)",
					"@executable_path/Frameworks",
					"@loader_path/Frameworks",
				);
				PRODUCT_BUNDLE_IDENTIFIER = com.approvedbug.APBFoundation;
				PRODUCT_NAME = "$(TARGET_NAME:c99extidentifier)";
				SKIP_INSTALL = YES;
				SUPPORTS_MACCATALYST = NO;
				TARGETED_DEVICE_FAMILY = "1,2";
			};
			name = Release;
		};
		71EEA13125646F720008688A /* Debug */ = {
			isa = XCBuildConfiguration;
			buildSettings = {
				CODE_SIGN_STYLE = Automatic;
				DEVELOPMENT_TEAM = 4N87CRMB5W;
				INFOPLIST_FILE = APBFoundationTests/Info.plist;
				LD_RUNPATH_SEARCH_PATHS = (
					"$(inherited)",
					"@executable_path/Frameworks",
					"@loader_path/Frameworks",
				);
				PRODUCT_BUNDLE_IDENTIFIER = com.approvedbug.APBFoundationTests;
				PRODUCT_NAME = "$(TARGET_NAME)";
				TARGETED_DEVICE_FAMILY = "1,2";
			};
			name = Debug;
		};
		71EEA13225646F720008688A /* Release */ = {
			isa = XCBuildConfiguration;
			buildSettings = {
				CODE_SIGN_STYLE = Automatic;
				DEVELOPMENT_TEAM = 4N87CRMB5W;
				INFOPLIST_FILE = APBFoundationTests/Info.plist;
				LD_RUNPATH_SEARCH_PATHS = (
					"$(inherited)",
					"@executable_path/Frameworks",
					"@loader_path/Frameworks",
				);
				PRODUCT_BUNDLE_IDENTIFIER = com.approvedbug.APBFoundationTests;
				PRODUCT_NAME = "$(TARGET_NAME)";
				TARGETED_DEVICE_FAMILY = "1,2";
			};
			name = Release;
		};
/* End XCBuildConfiguration section */

/* Begin XCConfigurationList section */
		71EEA11325646F720008688A /* Build configuration list for PBXProject "APBFoundation" */ = {
			isa = XCConfigurationList;
			buildConfigurations = (
				71EEA12B25646F720008688A /* Debug */,
				71EEA12C25646F720008688A /* Release */,
			);
			defaultConfigurationIsVisible = 0;
			defaultConfigurationName = Release;
		};
		71EEA12D25646F720008688A /* Build configuration list for PBXNativeTarget "APBFoundation" */ = {
			isa = XCConfigurationList;
			buildConfigurations = (
				71EEA12E25646F720008688A /* Debug */,
				71EEA12F25646F720008688A /* Release */,
			);
			defaultConfigurationIsVisible = 0;
			defaultConfigurationName = Release;
		};
		71EEA13025646F720008688A /* Build configuration list for PBXNativeTarget "APBFoundationTests" */ = {
			isa = XCConfigurationList;
			buildConfigurations = (
				71EEA13125646F720008688A /* Debug */,
				71EEA13225646F720008688A /* Release */,
			);
			defaultConfigurationIsVisible = 0;
			defaultConfigurationName = Release;
		};
/* End XCConfigurationList section */
	};
	rootObject = 71EEA11025646F720008688A /* Project object */;
}
